import { useState } from 'react'
import {link} from 'react-router-dom';

import {BrowserRouter , Route, Routes} from 'react-router-dom';
import Home from "./pages/Home";
import About from "./pages/About";
import Contact from "./pages/contact";

function App() {
  const [name, setName]=useState("")
  const[message,setMessage]=useState("")
  const onSubmit=(e)=>{
    e.preventDefault();
    alert('Hello ${name},your message is ${message}');
  } 

  return (
    <>
    <div>
    <BrowserRouter>
    <nav>
        <Link to="/home">Home</Link>
        <Link to="/about">About</Link>
        <Link to="/contact">Contact</Link>
    </nav>
    <Routes>
        <Route path='/' element={<Home/>}/>
        <Route path='/about' element={<About/>}/>
        <Route path='/contact' element={<Contact/>}/>
    </Routes>
    </BrowserRouter>
      <h1>Form</h1>
      <form onSubmit={onSubmit}>
        <input type="text" placeholder='Enter your name here'> setName(e)</input>
        <input type="text" placeholder='Enter your message here'>setMessage(e)</input>
        <button type="submit">Submit</button>
      </form>
      </div>
      </>
  )
}


export default App